PODS:
  - Alamofire (4.5.0)
  - couchbase-lite-ios (1.4.0):
    - couchbase-lite-ios/SQLite (= 1.4.0)
  - couchbase-lite-ios/SQLite (1.4.0)
  - Crashlytics (3.8.5):
    - Fabric (~> 1.6.3)
  - DropDown (2)
  - Fabric (1.6.12)
  - Firebase/Auth (4.0.4):
    - Firebase/Core
    - FirebaseAuth (= 4.0.0)
  - Firebase/Core (4.0.4):
    - FirebaseAnalytics (= 4.0.2)
    - FirebaseCore (= 4.0.4)
  - Firebase/Messaging (4.0.4):
    - Firebase/Core
    - FirebaseMessaging (= 2.0.0)
  - FirebaseAnalytics (4.0.2):
    - FirebaseCore (~> 4.0)
    - FirebaseInstanceID (~> 2.0)
    - GoogleToolboxForMac/NSData+zlib (~> 2.1)
  - FirebaseAuth (4.0.0):
    - FirebaseAnalytics (~> 4.0)
    - GoogleToolboxForMac/NSDictionary+URLArguments (~> 2.1)
    - GTMSessionFetcher/Core (~> 1.1)
  - FirebaseCore (4.0.4):
    - GoogleToolboxForMac/NSData+zlib (~> 2.1)
    - nanopb (~> 0.3)
  - FirebaseInstanceID (2.0.0):
    - FirebaseCore (~> 4.0)
  - FirebaseMessaging (2.0.0):
    - FirebaseAnalytics (~> 4.0)
    - FirebaseCore (~> 4.0)
    - FirebaseInstanceID (~> 2.0)
    - GoogleToolboxForMac/Logger (~> 2.1)
    - Protobuf (~> 3.1)
  - GoogleToolboxForMac/DebugUtils (2.1.1):
    - GoogleToolboxForMac/Defines (= 2.1.1)
  - GoogleToolboxForMac/Defines (2.1.1)
  - GoogleToolboxForMac/Logger (2.1.1):
    - GoogleToolboxForMac/Defines (= 2.1.1)
  - GoogleToolboxForMac/NSData+zlib (2.1.1):
    - GoogleToolboxForMac/Defines (= 2.1.1)
  - GoogleToolboxForMac/NSDictionary+URLArguments (2.1.1):
    - GoogleToolboxForMac/DebugUtils (= 2.1.1)
    - GoogleToolboxForMac/Defines (= 2.1.1)
    - GoogleToolboxForMac/NSString+URLArguments (= 2.1.1)
  - GoogleToolboxForMac/NSString+URLArguments (2.1.1)
  - GTMSessionFetcher/Core (1.1.11)
  - nanopb (0.3.8):
    - nanopb/decode (= 0.3.8)
    - nanopb/encode (= 0.3.8)
  - nanopb/decode (0.3.8)
  - nanopb/encode (0.3.8)
  - Protobuf (3.3.0)
  - RaisePlaceholder (1.0.3)
  - RAMAnimatedTabBarController (2.0.13)
  - RNCryptor (5.0.1)
  - SwiftyJSON (3.1.4)
  - Toaster (2.0.4)

DEPENDENCIES:
  - Alamofire (~> 4.4)
  - couchbase-lite-ios (~> 1.4.0)
  - Crashlytics
  - DropDown (~> 2)
  - Fabric
  - Firebase/Auth
  - Firebase/Core
  - Firebase/Messaging
  - RaisePlaceholder (~> 1.0)
  - RAMAnimatedTabBarController (~> 2.0.13)
  - RNCryptor (~> 5.0)
  - SwiftyJSON
  - Toaster

SPEC CHECKSUMS:
  Alamofire: f28cdffd29de33a7bfa022cbd63ae95a27fae140
  couchbase-lite-ios: 5b9f59ce74c2d981c41795f0949d31354d90c459
  Crashlytics: dfbae35ef22ca189240d230ad501feea4ee85d2d
  DropDown: 744784d9c9aa505100e942c16acd05430cbb2f0a
  Fabric: f050464eac45a2ce5a8e6e6a07e977c0df32fe28
  Firebase: 1492bf04e1b73a7353b4fb2cf5a20bac9692f341
  FirebaseAnalytics: ad41720e3e67fc63fbe3d2948d3e26932a8de311
  FirebaseAuth: ebb6abcbabae00fc47446d690c19ce68d8484fde
  FirebaseCore: cfc042628ef9f20debe09c0eb683135fcd404cb4
  FirebaseInstanceID: 9fbf536668f4d3f0880e7438456dabd1376e294b
  FirebaseMessaging: 227406c05b0dc9290702d2e9f18ab5528f0c2cf2
  GoogleToolboxForMac: 8e329f1b599f2512c6b10676d45736bcc2cbbeb0
  GTMSessionFetcher: 5ad62e8200fa00ed011fe5e08d27fef72c5b1429
  nanopb: 5601e6bca2dbf1ed831b519092ec110f66982ca3
  Protobuf: d582fecf68201eac3d79ed61369ef45734394b9c
  RaisePlaceholder: e77c8565f556e25659bdf1b9a77647a952b8cb70
  RAMAnimatedTabBarController: 2510f3b66954c3f77ea1042a35d34df8f5f3b604
  RNCryptor: 2e352a488779d1a9184ab629be22a7c5bc84acb5
  SwiftyJSON: c2842d878f95482ffceec5709abc3d05680c0220
  Toaster: f13031c636ef065281bc11857be9a16c7659e04f

PODFILE CHECKSUM: 10135cc9f4257dfb387605a7c9bcd370e0d2a0ad

COCOAPODS: 1.2.1
